
Microsoft Visual Studio Solution File, Format Version 12.00
# Visual Studio Version 17
VisualStudioVersion = 17.11.35017.193
MinimumVisualStudioVersion = 10.0.40219.1
Project("{2150E333-8FDC-42A3-9474-1A3956D46DE8}") = "10. Excepciones", "10. Excepciones", "{2073D25D-F1E9-40A0-8DD4-28C8A6F34465}"
EndProject
Project("{9A19103F-16F7-4668-BE54-9A1E7A4F7556}") = "Console Example 10.0.01", "10. Excepciones\Console Example 10.0.01\Console Example 10.0.01.csproj", "{3CB8480A-8046-4770-BCFB-48C65D6E1A4C}"
EndProject
Project("{9A19103F-16F7-4668-BE54-9A1E7A4F7556}") = "10.1.02 AtrapameLibrary", "10. Excepciones\10.1.02 AtrapameLibrary\10.1.02 AtrapameLibrary.csproj", "{B2FA9528-CDF5-4EBD-8DF6-19D90FB5577F}"
EndProject
Project("{9A19103F-16F7-4668-BE54-9A1E7A4F7556}") = "10.1.02 AtrapameWindowsForms", "10. Excepciones\10.1.02 AtrapameWindowsForms\10.1.02 AtrapameWindowsForms.csproj", "{364499DA-FE03-4947-BFC1-680ADCA03BBF}"
EndProject
Project("{9A19103F-16F7-4668-BE54-9A1E7A4F7556}") = "10.1.01 LanzarYAtraparLibrary", "10. Excepciones\10.1.01 LanzarYAtraparLibrary\10.1.01 LanzarYAtraparLibrary.csproj", "{6DA0BA2C-761D-4A97-A407-33F863CC14FB}"
EndProject
Project("{9A19103F-16F7-4668-BE54-9A1E7A4F7556}") = "10.1.01 LanzarYAtraparView", "10. Excepciones\10.1.01 LanzarYAtraparView\10.1.01 LanzarYAtraparView.csproj", "{EB3DF922-A477-48C1-A801-BB74422D1DDB}"
EndProject
Project("{2150E333-8FDC-42A3-9474-1A3956D46DE8}") = "11. Generics", "11. Generics", "{E3ADB91A-E15B-4D60-809E-3B49F09ED5C1}"
EndProject
Project("{9A19103F-16F7-4668-BE54-9A1E7A4F7556}") = "Library Example 11.0.01", "11. Generics\Library Example 11.0.01\Library Example 11.0.01.csproj", "{8789086F-9A4C-4534-94C3-B45BAB009440}"
EndProject
Project("{9A19103F-16F7-4668-BE54-9A1E7A4F7556}") = "Console Example 11.0.01", "11. Generics\Console Example 11.0.01\Console Example 11.0.01.csproj", "{71CB07E8-3B3D-4665-87D6-37448CEFC3E3}"
EndProject
Project("{2150E333-8FDC-42A3-9474-1A3956D46DE8}") = "12. Interfaces", "12. Interfaces", "{2DA13F5A-AAD2-46C3-93DB-F2BB8EBD251B}"
EndProject
Project("{FAE04EC0-301F-11D3-BF4B-00C04F79EFBC}") = "11.1.01 Library", "11. Generics\11.1.01 Library\11.1.01 Library.csproj", "{EACCB639-A6A4-482F-B945-216976C1FC08}"
EndProject
Project("{FAE04EC0-301F-11D3-BF4B-00C04F79EFBC}") = "11.1.01 View", "11. Generics\11.1.01 View\11.1.01 View.csproj", "{881228B3-BEE0-4233-8A7B-C8ACC5F17D5A}"
EndProject
Project("{FAE04EC0-301F-11D3-BF4B-00C04F79EFBC}") = "11.1.02 Library", "11. Generics\11.1.02 Library\11.1.02 Library.csproj", "{D20C15B2-113D-43C6-BD86-CEDC98F3876B}"
EndProject
Project("{FAE04EC0-301F-11D3-BF4B-00C04F79EFBC}") = "11.1.02 View", "11. Generics\11.1.02 View\11.1.02 View.csproj", "{9612A3BD-4DA5-4A45-8797-A4AA4492C444}"
EndProject
Global
	GlobalSection(SolutionConfigurationPlatforms) = preSolution
		Debug|Any CPU = Debug|Any CPU
		Release|Any CPU = Release|Any CPU
	EndGlobalSection
	GlobalSection(ProjectConfigurationPlatforms) = postSolution
		{3CB8480A-8046-4770-BCFB-48C65D6E1A4C}.Debug|Any CPU.ActiveCfg = Debug|Any CPU
		{3CB8480A-8046-4770-BCFB-48C65D6E1A4C}.Debug|Any CPU.Build.0 = Debug|Any CPU
		{3CB8480A-8046-4770-BCFB-48C65D6E1A4C}.Release|Any CPU.ActiveCfg = Release|Any CPU
		{3CB8480A-8046-4770-BCFB-48C65D6E1A4C}.Release|Any CPU.Build.0 = Release|Any CPU
		{B2FA9528-CDF5-4EBD-8DF6-19D90FB5577F}.Debug|Any CPU.ActiveCfg = Debug|Any CPU
		{B2FA9528-CDF5-4EBD-8DF6-19D90FB5577F}.Debug|Any CPU.Build.0 = Debug|Any CPU
		{B2FA9528-CDF5-4EBD-8DF6-19D90FB5577F}.Release|Any CPU.ActiveCfg = Release|Any CPU
		{B2FA9528-CDF5-4EBD-8DF6-19D90FB5577F}.Release|Any CPU.Build.0 = Release|Any CPU
		{364499DA-FE03-4947-BFC1-680ADCA03BBF}.Debug|Any CPU.ActiveCfg = Debug|Any CPU
		{364499DA-FE03-4947-BFC1-680ADCA03BBF}.Debug|Any CPU.Build.0 = Debug|Any CPU
		{364499DA-FE03-4947-BFC1-680ADCA03BBF}.Release|Any CPU.ActiveCfg = Release|Any CPU
		{364499DA-FE03-4947-BFC1-680ADCA03BBF}.Release|Any CPU.Build.0 = Release|Any CPU
		{6DA0BA2C-761D-4A97-A407-33F863CC14FB}.Debug|Any CPU.ActiveCfg = Debug|Any CPU
		{6DA0BA2C-761D-4A97-A407-33F863CC14FB}.Debug|Any CPU.Build.0 = Debug|Any CPU
		{6DA0BA2C-761D-4A97-A407-33F863CC14FB}.Release|Any CPU.ActiveCfg = Release|Any CPU
		{6DA0BA2C-761D-4A97-A407-33F863CC14FB}.Release|Any CPU.Build.0 = Release|Any CPU
		{EB3DF922-A477-48C1-A801-BB74422D1DDB}.Debug|Any CPU.ActiveCfg = Debug|Any CPU
		{EB3DF922-A477-48C1-A801-BB74422D1DDB}.Debug|Any CPU.Build.0 = Debug|Any CPU
		{EB3DF922-A477-48C1-A801-BB74422D1DDB}.Release|Any CPU.ActiveCfg = Release|Any CPU
		{EB3DF922-A477-48C1-A801-BB74422D1DDB}.Release|Any CPU.Build.0 = Release|Any CPU
		{8789086F-9A4C-4534-94C3-B45BAB009440}.Debug|Any CPU.ActiveCfg = Debug|Any CPU
		{8789086F-9A4C-4534-94C3-B45BAB009440}.Debug|Any CPU.Build.0 = Debug|Any CPU
		{8789086F-9A4C-4534-94C3-B45BAB009440}.Release|Any CPU.ActiveCfg = Release|Any CPU
		{8789086F-9A4C-4534-94C3-B45BAB009440}.Release|Any CPU.Build.0 = Release|Any CPU
		{71CB07E8-3B3D-4665-87D6-37448CEFC3E3}.Debug|Any CPU.ActiveCfg = Debug|Any CPU
		{71CB07E8-3B3D-4665-87D6-37448CEFC3E3}.Debug|Any CPU.Build.0 = Debug|Any CPU
		{71CB07E8-3B3D-4665-87D6-37448CEFC3E3}.Release|Any CPU.ActiveCfg = Release|Any CPU
		{71CB07E8-3B3D-4665-87D6-37448CEFC3E3}.Release|Any CPU.Build.0 = Release|Any CPU
		{EACCB639-A6A4-482F-B945-216976C1FC08}.Debug|Any CPU.ActiveCfg = Debug|Any CPU
		{EACCB639-A6A4-482F-B945-216976C1FC08}.Debug|Any CPU.Build.0 = Debug|Any CPU
		{EACCB639-A6A4-482F-B945-216976C1FC08}.Release|Any CPU.ActiveCfg = Release|Any CPU
		{EACCB639-A6A4-482F-B945-216976C1FC08}.Release|Any CPU.Build.0 = Release|Any CPU
		{881228B3-BEE0-4233-8A7B-C8ACC5F17D5A}.Debug|Any CPU.ActiveCfg = Debug|Any CPU
		{881228B3-BEE0-4233-8A7B-C8ACC5F17D5A}.Debug|Any CPU.Build.0 = Debug|Any CPU
		{881228B3-BEE0-4233-8A7B-C8ACC5F17D5A}.Release|Any CPU.ActiveCfg = Release|Any CPU
		{881228B3-BEE0-4233-8A7B-C8ACC5F17D5A}.Release|Any CPU.Build.0 = Release|Any CPU
		{D20C15B2-113D-43C6-BD86-CEDC98F3876B}.Debug|Any CPU.ActiveCfg = Debug|Any CPU
		{D20C15B2-113D-43C6-BD86-CEDC98F3876B}.Debug|Any CPU.Build.0 = Debug|Any CPU
		{D20C15B2-113D-43C6-BD86-CEDC98F3876B}.Release|Any CPU.ActiveCfg = Release|Any CPU
		{D20C15B2-113D-43C6-BD86-CEDC98F3876B}.Release|Any CPU.Build.0 = Release|Any CPU
		{9612A3BD-4DA5-4A45-8797-A4AA4492C444}.Debug|Any CPU.ActiveCfg = Debug|Any CPU
		{9612A3BD-4DA5-4A45-8797-A4AA4492C444}.Debug|Any CPU.Build.0 = Debug|Any CPU
		{9612A3BD-4DA5-4A45-8797-A4AA4492C444}.Release|Any CPU.ActiveCfg = Release|Any CPU
		{9612A3BD-4DA5-4A45-8797-A4AA4492C444}.Release|Any CPU.Build.0 = Release|Any CPU
	EndGlobalSection
	GlobalSection(SolutionProperties) = preSolution
		HideSolutionNode = FALSE
	EndGlobalSection
	GlobalSection(NestedProjects) = preSolution
		{3CB8480A-8046-4770-BCFB-48C65D6E1A4C} = {2073D25D-F1E9-40A0-8DD4-28C8A6F34465}
		{B2FA9528-CDF5-4EBD-8DF6-19D90FB5577F} = {2073D25D-F1E9-40A0-8DD4-28C8A6F34465}
		{364499DA-FE03-4947-BFC1-680ADCA03BBF} = {2073D25D-F1E9-40A0-8DD4-28C8A6F34465}
		{6DA0BA2C-761D-4A97-A407-33F863CC14FB} = {2073D25D-F1E9-40A0-8DD4-28C8A6F34465}
		{EB3DF922-A477-48C1-A801-BB74422D1DDB} = {2073D25D-F1E9-40A0-8DD4-28C8A6F34465}
		{8789086F-9A4C-4534-94C3-B45BAB009440} = {E3ADB91A-E15B-4D60-809E-3B49F09ED5C1}
		{71CB07E8-3B3D-4665-87D6-37448CEFC3E3} = {E3ADB91A-E15B-4D60-809E-3B49F09ED5C1}
		{EACCB639-A6A4-482F-B945-216976C1FC08} = {E3ADB91A-E15B-4D60-809E-3B49F09ED5C1}
		{881228B3-BEE0-4233-8A7B-C8ACC5F17D5A} = {E3ADB91A-E15B-4D60-809E-3B49F09ED5C1}
		{D20C15B2-113D-43C6-BD86-CEDC98F3876B} = {E3ADB91A-E15B-4D60-809E-3B49F09ED5C1}
		{9612A3BD-4DA5-4A45-8797-A4AA4492C444} = {E3ADB91A-E15B-4D60-809E-3B49F09ED5C1}
	EndGlobalSection
	GlobalSection(ExtensibilityGlobals) = postSolution
		SolutionGuid = {33E317DD-9806-43D5-9649-4F9F91895E0F}
	EndGlobalSection
EndGlobal
