
Microsoft Visual Studio Solution File, Format Version 12.00
# Visual Studio Version 17
VisualStudioVersion = 17.11.35017.193
MinimumVisualStudioVersion = 10.0.40219.1
Project("{2150E333-8FDC-42A3-9474-1A3956D46DE8}") = "10. Excepciones", "10. Excepciones", "{2073D25D-F1E9-40A0-8DD4-28C8A6F34465}"
EndProject
Project("{9A19103F-16F7-4668-BE54-9A1E7A4F7556}") = "Console Example 10.0.01", "10. Excepciones\Console Example 10.0.01\Console Example 10.0.01.csproj", "{3CB8480A-8046-4770-BCFB-48C65D6E1A4C}"
EndProject
Project("{FAE04EC0-301F-11D3-BF4B-00C04F79EFBC}") = "10.1.01 AtrapameWindowsForms", "10. Excepciones\10.1.01 AtrapameWindowsForms\10.1.01 AtrapameWindowsForms.csproj", "{937948A3-C5DE-41FC-B7AE-33032F179C0D}"
EndProject
Project("{FAE04EC0-301F-11D3-BF4B-00C04F79EFBC}") = "10.1.01 AtrapameLibrary", "10. Excepciones\10.1.01 AtrapameLibrary\10.1.01 AtrapameLibrary.csproj", "{97C0EF42-C4C8-4953-8D90-7709FF54DA08}"
EndProject
Global
	GlobalSection(SolutionConfigurationPlatforms) = preSolution
		Debug|Any CPU = Debug|Any CPU
		Release|Any CPU = Release|Any CPU
	EndGlobalSection
	GlobalSection(ProjectConfigurationPlatforms) = postSolution
		{3CB8480A-8046-4770-BCFB-48C65D6E1A4C}.Debug|Any CPU.ActiveCfg = Debug|Any CPU
		{3CB8480A-8046-4770-BCFB-48C65D6E1A4C}.Debug|Any CPU.Build.0 = Debug|Any CPU
		{3CB8480A-8046-4770-BCFB-48C65D6E1A4C}.Release|Any CPU.ActiveCfg = Release|Any CPU
		{3CB8480A-8046-4770-BCFB-48C65D6E1A4C}.Release|Any CPU.Build.0 = Release|Any CPU
		{937948A3-C5DE-41FC-B7AE-33032F179C0D}.Debug|Any CPU.ActiveCfg = Debug|Any CPU
		{937948A3-C5DE-41FC-B7AE-33032F179C0D}.Debug|Any CPU.Build.0 = Debug|Any CPU
		{937948A3-C5DE-41FC-B7AE-33032F179C0D}.Release|Any CPU.ActiveCfg = Release|Any CPU
		{937948A3-C5DE-41FC-B7AE-33032F179C0D}.Release|Any CPU.Build.0 = Release|Any CPU
		{97C0EF42-C4C8-4953-8D90-7709FF54DA08}.Debug|Any CPU.ActiveCfg = Debug|Any CPU
		{97C0EF42-C4C8-4953-8D90-7709FF54DA08}.Debug|Any CPU.Build.0 = Debug|Any CPU
		{97C0EF42-C4C8-4953-8D90-7709FF54DA08}.Release|Any CPU.ActiveCfg = Release|Any CPU
		{97C0EF42-C4C8-4953-8D90-7709FF54DA08}.Release|Any CPU.Build.0 = Release|Any CPU
	EndGlobalSection
	GlobalSection(SolutionProperties) = preSolution
		HideSolutionNode = FALSE
	EndGlobalSection
	GlobalSection(NestedProjects) = preSolution
		{3CB8480A-8046-4770-BCFB-48C65D6E1A4C} = {2073D25D-F1E9-40A0-8DD4-28C8A6F34465}
		{937948A3-C5DE-41FC-B7AE-33032F179C0D} = {2073D25D-F1E9-40A0-8DD4-28C8A6F34465}
		{97C0EF42-C4C8-4953-8D90-7709FF54DA08} = {2073D25D-F1E9-40A0-8DD4-28C8A6F34465}
	EndGlobalSection
	GlobalSection(ExtensibilityGlobals) = postSolution
		SolutionGuid = {33E317DD-9806-43D5-9649-4F9F91895E0F}
	EndGlobalSection
EndGlobal
