
Microsoft Visual Studio Solution File, Format Version 12.00
# Visual Studio Version 17
VisualStudioVersion = 17.11.35017.193
MinimumVisualStudioVersion = 10.0.40219.1
Project("{2150E333-8FDC-42A3-9474-1A3956D46DE8}") = "10. Excepciones", "10. Excepciones", "{2073D25D-F1E9-40A0-8DD4-28C8A6F34465}"
EndProject
Project("{9A19103F-16F7-4668-BE54-9A1E7A4F7556}") = "10.1.02 AtrapameLibrary", "10. Excepciones\10.1.02 AtrapameLibrary\10.1.02 AtrapameLibrary.csproj", "{B2FA9528-CDF5-4EBD-8DF6-19D90FB5577F}"
EndProject
Project("{9A19103F-16F7-4668-BE54-9A1E7A4F7556}") = "10.1.02 AtrapameWindowsForms", "10. Excepciones\10.1.02 AtrapameWindowsForms\10.1.02 AtrapameWindowsForms.csproj", "{364499DA-FE03-4947-BFC1-680ADCA03BBF}"
EndProject
Project("{9A19103F-16F7-4668-BE54-9A1E7A4F7556}") = "10.1.01 LanzarYAtraparLibrary", "10. Excepciones\10.1.01 LanzarYAtraparLibrary\10.1.01 LanzarYAtraparLibrary.csproj", "{6DA0BA2C-761D-4A97-A407-33F863CC14FB}"
EndProject
Project("{9A19103F-16F7-4668-BE54-9A1E7A4F7556}") = "10.1.01 LanzarYAtraparView", "10. Excepciones\10.1.01 LanzarYAtraparView\10.1.01 LanzarYAtraparView.csproj", "{EB3DF922-A477-48C1-A801-BB74422D1DDB}"
EndProject
Project("{2150E333-8FDC-42A3-9474-1A3956D46DE8}") = "11. Generics", "11. Generics", "{E3ADB91A-E15B-4D60-809E-3B49F09ED5C1}"
EndProject
Project("{9A19103F-16F7-4668-BE54-9A1E7A4F7556}") = "Library Example 11.0.01", "11. Generics\Library Example 11.0.01\Library Example 11.0.01.csproj", "{8789086F-9A4C-4534-94C3-B45BAB009440}"
EndProject
Project("{2150E333-8FDC-42A3-9474-1A3956D46DE8}") = "12. Interfaces", "12. Interfaces", "{2DA13F5A-AAD2-46C3-93DB-F2BB8EBD251B}"
EndProject
Project("{FAE04EC0-301F-11D3-BF4B-00C04F79EFBC}") = "11.1.01 Library", "11. Generics\11.1.01 Library\11.1.01 Library.csproj", "{EACCB639-A6A4-482F-B945-216976C1FC08}"
EndProject
Project("{FAE04EC0-301F-11D3-BF4B-00C04F79EFBC}") = "11.1.01 View", "11. Generics\11.1.01 View\11.1.01 View.csproj", "{881228B3-BEE0-4233-8A7B-C8ACC5F17D5A}"
EndProject
Project("{FAE04EC0-301F-11D3-BF4B-00C04F79EFBC}") = "11.1.02 Library", "11. Generics\11.1.02 Library\11.1.02 Library.csproj", "{D20C15B2-113D-43C6-BD86-CEDC98F3876B}"
EndProject
Project("{FAE04EC0-301F-11D3-BF4B-00C04F79EFBC}") = "11.1.02 View", "11. Generics\11.1.02 View\11.1.02 View.csproj", "{9612A3BD-4DA5-4A45-8797-A4AA4492C444}"
EndProject
Project("{FAE04EC0-301F-11D3-BF4B-00C04F79EFBC}") = "Library Example 12.0.01", "12. Interfaces\Library Example 12.0.01\Library Example 12.0.01.csproj", "{E8388D72-4084-4F65-94E3-D430CA217197}"
EndProject
Project("{FAE04EC0-301F-11D3-BF4B-00C04F79EFBC}") = "View Example 11.0.01", "11. Generics\View Example 11.0.01\View Example 11.0.01.csproj", "{C5F96110-BFA3-490E-8363-F92F98BF22BB}"
EndProject
Project("{FAE04EC0-301F-11D3-BF4B-00C04F79EFBC}") = "View Example 11.0.02", "11. Generics\View Example 11.0.02\View Example 11.0.02.csproj", "{F20FDB83-DF0F-42EA-96AD-D8D84AFD886F}"
EndProject
Project("{FAE04EC0-301F-11D3-BF4B-00C04F79EFBC}") = "View Example 12.0.01", "12. Interfaces\View Example 12.0.01\View Example 12.0.01.csproj", "{9BFF6069-1F7A-489B-B2C1-27DDD2751BAD}"
EndProject
Project("{FAE04EC0-301F-11D3-BF4B-00C04F79EFBC}") = "12.1.01 View", "12. Interfaces\12.1.01 View\12.1.01 View.csproj", "{CAC101E1-4CAF-4147-8872-DEEFBAB87248}"
EndProject
Project("{FAE04EC0-301F-11D3-BF4B-00C04F79EFBC}") = "12.1.01 Library", "12. Interfaces\12.1.01 Library\12.1.01 Library.csproj", "{27B9E609-74E9-49DB-B3B9-4E1DBAB4A99D}"
EndProject
Project("{FAE04EC0-301F-11D3-BF4B-00C04F79EFBC}") = "View Example 10.0.01", "10. Excepciones\View Example 10.0.01\View Example 10.0.01.csproj", "{C9EF1670-8F70-4A15-B903-E3872F44CCFC}"
EndProject
Project("{2150E333-8FDC-42A3-9474-1A3956D46DE8}") = "13. Archivos y Serializacion", "13. Archivos y Serializacion", "{57F7EB5C-18A3-4D88-A8ED-8293980696B1}"
EndProject
Project("{FAE04EC0-301F-11D3-BF4B-00C04F79EFBC}") = "View Example 13.0.01", "13. Archivos y Serializacion\View Example 13.0.01\View Example 13.0.01.csproj", "{D0FC2EB4-65B6-4BDA-8968-08D66DEAB511}"
EndProject
Project("{FAE04EC0-301F-11D3-BF4B-00C04F79EFBC}") = "View Example 13.0.02", "13. Archivos y Serializacion\View Example 13.0.02\View Example 13.0.02.csproj", "{9860B76E-2D5B-44E1-9D7C-8ABD0BD23A22}"
EndProject
Project("{FAE04EC0-301F-11D3-BF4B-00C04F79EFBC}") = "13.1.01 Library", "13. Archivos y Serializacion\13.1.01 Library\13.1.01 Library.csproj", "{DE1DF666-6EDD-47BF-810F-9B556F9CCFDB}"
EndProject
Project("{2150E333-8FDC-42A3-9474-1A3956D46DE8}") = "14. Delegates", "14. Delegates", "{FB73D80E-B0EF-4944-B202-FBA7E8262F3A}"
EndProject
Project("{FAE04EC0-301F-11D3-BF4B-00C04F79EFBC}") = "View Example 13.0.03", "13. Archivos y Serializacion\View Example 13.0.03\View Example 13.0.03.csproj", "{3BA1F8E0-8FBA-473A-A958-B6BA3F50748B}"
EndProject
Project("{FAE04EC0-301F-11D3-BF4B-00C04F79EFBC}") = "View Example 14.0.01", "14. Delegates\View Example 14.0.01\View Example 14.0.01.csproj", "{ECD5C5BD-FC47-412C-BB56-FE0E524BD070}"
EndProject
Project("{FAE04EC0-301F-11D3-BF4B-00C04F79EFBC}") = "View Example 14.0.02", "14. Delegates\View Example 14.0.02\View Example 14.0.02.csproj", "{656E2748-536C-4AC0-9D1B-E9250E694500}"
EndProject
Project("{2150E333-8FDC-42A3-9474-1A3956D46DE8}") = "15. Lambda Expressions", "15. Lambda Expressions", "{18C5D85C-6B7F-440F-8462-D53CBF3F3738}"
EndProject
Project("{FAE04EC0-301F-11D3-BF4B-00C04F79EFBC}") = "View Example 14.0.03", "14. Delegates\View Example 14.0.03\View Example 14.0.03.csproj", "{C8AAB503-A0F8-465C-8AF3-846A4D760332}"
EndProject
Project("{FAE04EC0-301F-11D3-BF4B-00C04F79EFBC}") = "View Example 15.0.01", "15. Lambda Expressions\View Example 15.0.01\View Example 15.0.01.csproj", "{60BD8DC3-9AF1-4648-B67F-EAD786C19CEA}"
EndProject
Project("{FAE04EC0-301F-11D3-BF4B-00C04F79EFBC}") = "15.1.01 View", "15. Lambda Expressions\15.1.01 View\15.1.01 View.csproj", "{B40BE59E-D562-417A-8246-AA70E92148FA}"
EndProject
Project("{FAE04EC0-301F-11D3-BF4B-00C04F79EFBC}") = "14.1.01 View", "14. Delegates\14.1.01 View\14.1.01 View.csproj", "{4A327429-F299-44D7-BADF-167FEE9E03A2}"
EndProject
Project("{2150E333-8FDC-42A3-9474-1A3956D46DE8}") = "16. Eventos", "16. Eventos", "{D3D3C07A-E4B1-441A-BDFE-70AC9E2AD643}"
EndProject
Project("{FAE04EC0-301F-11D3-BF4B-00C04F79EFBC}") = "16.1.01 View", "16. Events\16.1.01 View\16.1.01 View.csproj", "{AF22A655-6507-4E41-B39C-5F9D0223B405}"
EndProject
Project("{FAE04EC0-301F-11D3-BF4B-00C04F79EFBC}") = "16.1.01 Library", "16. Events\16.1.01 Library\16.1.01 Library.csproj", "{F57C2F86-20B4-4879-B66C-60FE2C8EEFDF}"
EndProject
Project("{FAE04EC0-301F-11D3-BF4B-00C04F79EFBC}") = "16.1.02 View", "16. Events\16.1.02 View\16.1.02 View.csproj", "{04005817-E83F-415A-BD58-682B44355B80}"
EndProject
Project("{FAE04EC0-301F-11D3-BF4B-00C04F79EFBC}") = "13.1.01 View", "13. Archivos y Serializacion\13.1.01 View\13.1.01 View.csproj", "{1395BBD0-26B3-47AA-89F7-643A1B922351}"
EndProject
Global
	GlobalSection(SolutionConfigurationPlatforms) = preSolution
		Debug|Any CPU = Debug|Any CPU
		Release|Any CPU = Release|Any CPU
	EndGlobalSection
	GlobalSection(ProjectConfigurationPlatforms) = postSolution
		{B2FA9528-CDF5-4EBD-8DF6-19D90FB5577F}.Debug|Any CPU.ActiveCfg = Debug|Any CPU
		{B2FA9528-CDF5-4EBD-8DF6-19D90FB5577F}.Debug|Any CPU.Build.0 = Debug|Any CPU
		{B2FA9528-CDF5-4EBD-8DF6-19D90FB5577F}.Release|Any CPU.ActiveCfg = Release|Any CPU
		{B2FA9528-CDF5-4EBD-8DF6-19D90FB5577F}.Release|Any CPU.Build.0 = Release|Any CPU
		{364499DA-FE03-4947-BFC1-680ADCA03BBF}.Debug|Any CPU.ActiveCfg = Debug|Any CPU
		{364499DA-FE03-4947-BFC1-680ADCA03BBF}.Debug|Any CPU.Build.0 = Debug|Any CPU
		{364499DA-FE03-4947-BFC1-680ADCA03BBF}.Release|Any CPU.ActiveCfg = Release|Any CPU
		{364499DA-FE03-4947-BFC1-680ADCA03BBF}.Release|Any CPU.Build.0 = Release|Any CPU
		{6DA0BA2C-761D-4A97-A407-33F863CC14FB}.Debug|Any CPU.ActiveCfg = Debug|Any CPU
		{6DA0BA2C-761D-4A97-A407-33F863CC14FB}.Debug|Any CPU.Build.0 = Debug|Any CPU
		{6DA0BA2C-761D-4A97-A407-33F863CC14FB}.Release|Any CPU.ActiveCfg = Release|Any CPU
		{6DA0BA2C-761D-4A97-A407-33F863CC14FB}.Release|Any CPU.Build.0 = Release|Any CPU
		{EB3DF922-A477-48C1-A801-BB74422D1DDB}.Debug|Any CPU.ActiveCfg = Debug|Any CPU
		{EB3DF922-A477-48C1-A801-BB74422D1DDB}.Debug|Any CPU.Build.0 = Debug|Any CPU
		{EB3DF922-A477-48C1-A801-BB74422D1DDB}.Release|Any CPU.ActiveCfg = Release|Any CPU
		{EB3DF922-A477-48C1-A801-BB74422D1DDB}.Release|Any CPU.Build.0 = Release|Any CPU
		{8789086F-9A4C-4534-94C3-B45BAB009440}.Debug|Any CPU.ActiveCfg = Debug|Any CPU
		{8789086F-9A4C-4534-94C3-B45BAB009440}.Debug|Any CPU.Build.0 = Debug|Any CPU
		{8789086F-9A4C-4534-94C3-B45BAB009440}.Release|Any CPU.ActiveCfg = Release|Any CPU
		{8789086F-9A4C-4534-94C3-B45BAB009440}.Release|Any CPU.Build.0 = Release|Any CPU
		{EACCB639-A6A4-482F-B945-216976C1FC08}.Debug|Any CPU.ActiveCfg = Debug|Any CPU
		{EACCB639-A6A4-482F-B945-216976C1FC08}.Debug|Any CPU.Build.0 = Debug|Any CPU
		{EACCB639-A6A4-482F-B945-216976C1FC08}.Release|Any CPU.ActiveCfg = Release|Any CPU
		{EACCB639-A6A4-482F-B945-216976C1FC08}.Release|Any CPU.Build.0 = Release|Any CPU
		{881228B3-BEE0-4233-8A7B-C8ACC5F17D5A}.Debug|Any CPU.ActiveCfg = Debug|Any CPU
		{881228B3-BEE0-4233-8A7B-C8ACC5F17D5A}.Debug|Any CPU.Build.0 = Debug|Any CPU
		{881228B3-BEE0-4233-8A7B-C8ACC5F17D5A}.Release|Any CPU.ActiveCfg = Release|Any CPU
		{881228B3-BEE0-4233-8A7B-C8ACC5F17D5A}.Release|Any CPU.Build.0 = Release|Any CPU
		{D20C15B2-113D-43C6-BD86-CEDC98F3876B}.Debug|Any CPU.ActiveCfg = Debug|Any CPU
		{D20C15B2-113D-43C6-BD86-CEDC98F3876B}.Debug|Any CPU.Build.0 = Debug|Any CPU
		{D20C15B2-113D-43C6-BD86-CEDC98F3876B}.Release|Any CPU.ActiveCfg = Release|Any CPU
		{D20C15B2-113D-43C6-BD86-CEDC98F3876B}.Release|Any CPU.Build.0 = Release|Any CPU
		{9612A3BD-4DA5-4A45-8797-A4AA4492C444}.Debug|Any CPU.ActiveCfg = Debug|Any CPU
		{9612A3BD-4DA5-4A45-8797-A4AA4492C444}.Debug|Any CPU.Build.0 = Debug|Any CPU
		{9612A3BD-4DA5-4A45-8797-A4AA4492C444}.Release|Any CPU.ActiveCfg = Release|Any CPU
		{9612A3BD-4DA5-4A45-8797-A4AA4492C444}.Release|Any CPU.Build.0 = Release|Any CPU
		{E8388D72-4084-4F65-94E3-D430CA217197}.Debug|Any CPU.ActiveCfg = Debug|Any CPU
		{E8388D72-4084-4F65-94E3-D430CA217197}.Debug|Any CPU.Build.0 = Debug|Any CPU
		{E8388D72-4084-4F65-94E3-D430CA217197}.Release|Any CPU.ActiveCfg = Release|Any CPU
		{E8388D72-4084-4F65-94E3-D430CA217197}.Release|Any CPU.Build.0 = Release|Any CPU
		{C5F96110-BFA3-490E-8363-F92F98BF22BB}.Debug|Any CPU.ActiveCfg = Debug|Any CPU
		{C5F96110-BFA3-490E-8363-F92F98BF22BB}.Debug|Any CPU.Build.0 = Debug|Any CPU
		{C5F96110-BFA3-490E-8363-F92F98BF22BB}.Release|Any CPU.ActiveCfg = Release|Any CPU
		{C5F96110-BFA3-490E-8363-F92F98BF22BB}.Release|Any CPU.Build.0 = Release|Any CPU
		{F20FDB83-DF0F-42EA-96AD-D8D84AFD886F}.Debug|Any CPU.ActiveCfg = Debug|Any CPU
		{F20FDB83-DF0F-42EA-96AD-D8D84AFD886F}.Debug|Any CPU.Build.0 = Debug|Any CPU
		{F20FDB83-DF0F-42EA-96AD-D8D84AFD886F}.Release|Any CPU.ActiveCfg = Release|Any CPU
		{F20FDB83-DF0F-42EA-96AD-D8D84AFD886F}.Release|Any CPU.Build.0 = Release|Any CPU
		{9BFF6069-1F7A-489B-B2C1-27DDD2751BAD}.Debug|Any CPU.ActiveCfg = Debug|Any CPU
		{9BFF6069-1F7A-489B-B2C1-27DDD2751BAD}.Debug|Any CPU.Build.0 = Debug|Any CPU
		{9BFF6069-1F7A-489B-B2C1-27DDD2751BAD}.Release|Any CPU.ActiveCfg = Release|Any CPU
		{9BFF6069-1F7A-489B-B2C1-27DDD2751BAD}.Release|Any CPU.Build.0 = Release|Any CPU
		{CAC101E1-4CAF-4147-8872-DEEFBAB87248}.Debug|Any CPU.ActiveCfg = Debug|Any CPU
		{CAC101E1-4CAF-4147-8872-DEEFBAB87248}.Debug|Any CPU.Build.0 = Debug|Any CPU
		{CAC101E1-4CAF-4147-8872-DEEFBAB87248}.Release|Any CPU.ActiveCfg = Release|Any CPU
		{CAC101E1-4CAF-4147-8872-DEEFBAB87248}.Release|Any CPU.Build.0 = Release|Any CPU
		{27B9E609-74E9-49DB-B3B9-4E1DBAB4A99D}.Debug|Any CPU.ActiveCfg = Debug|Any CPU
		{27B9E609-74E9-49DB-B3B9-4E1DBAB4A99D}.Debug|Any CPU.Build.0 = Debug|Any CPU
		{27B9E609-74E9-49DB-B3B9-4E1DBAB4A99D}.Release|Any CPU.ActiveCfg = Release|Any CPU
		{27B9E609-74E9-49DB-B3B9-4E1DBAB4A99D}.Release|Any CPU.Build.0 = Release|Any CPU
		{C9EF1670-8F70-4A15-B903-E3872F44CCFC}.Debug|Any CPU.ActiveCfg = Debug|Any CPU
		{C9EF1670-8F70-4A15-B903-E3872F44CCFC}.Debug|Any CPU.Build.0 = Debug|Any CPU
		{C9EF1670-8F70-4A15-B903-E3872F44CCFC}.Release|Any CPU.ActiveCfg = Release|Any CPU
		{C9EF1670-8F70-4A15-B903-E3872F44CCFC}.Release|Any CPU.Build.0 = Release|Any CPU
		{D0FC2EB4-65B6-4BDA-8968-08D66DEAB511}.Debug|Any CPU.ActiveCfg = Debug|Any CPU
		{D0FC2EB4-65B6-4BDA-8968-08D66DEAB511}.Debug|Any CPU.Build.0 = Debug|Any CPU
		{D0FC2EB4-65B6-4BDA-8968-08D66DEAB511}.Release|Any CPU.ActiveCfg = Release|Any CPU
		{D0FC2EB4-65B6-4BDA-8968-08D66DEAB511}.Release|Any CPU.Build.0 = Release|Any CPU
		{9860B76E-2D5B-44E1-9D7C-8ABD0BD23A22}.Debug|Any CPU.ActiveCfg = Debug|Any CPU
		{9860B76E-2D5B-44E1-9D7C-8ABD0BD23A22}.Debug|Any CPU.Build.0 = Debug|Any CPU
		{9860B76E-2D5B-44E1-9D7C-8ABD0BD23A22}.Release|Any CPU.ActiveCfg = Release|Any CPU
		{9860B76E-2D5B-44E1-9D7C-8ABD0BD23A22}.Release|Any CPU.Build.0 = Release|Any CPU
		{DE1DF666-6EDD-47BF-810F-9B556F9CCFDB}.Debug|Any CPU.ActiveCfg = Debug|Any CPU
		{DE1DF666-6EDD-47BF-810F-9B556F9CCFDB}.Debug|Any CPU.Build.0 = Debug|Any CPU
		{DE1DF666-6EDD-47BF-810F-9B556F9CCFDB}.Release|Any CPU.ActiveCfg = Release|Any CPU
		{DE1DF666-6EDD-47BF-810F-9B556F9CCFDB}.Release|Any CPU.Build.0 = Release|Any CPU
		{3BA1F8E0-8FBA-473A-A958-B6BA3F50748B}.Debug|Any CPU.ActiveCfg = Debug|Any CPU
		{3BA1F8E0-8FBA-473A-A958-B6BA3F50748B}.Debug|Any CPU.Build.0 = Debug|Any CPU
		{3BA1F8E0-8FBA-473A-A958-B6BA3F50748B}.Release|Any CPU.ActiveCfg = Release|Any CPU
		{3BA1F8E0-8FBA-473A-A958-B6BA3F50748B}.Release|Any CPU.Build.0 = Release|Any CPU
		{ECD5C5BD-FC47-412C-BB56-FE0E524BD070}.Debug|Any CPU.ActiveCfg = Debug|Any CPU
		{ECD5C5BD-FC47-412C-BB56-FE0E524BD070}.Debug|Any CPU.Build.0 = Debug|Any CPU
		{ECD5C5BD-FC47-412C-BB56-FE0E524BD070}.Release|Any CPU.ActiveCfg = Release|Any CPU
		{ECD5C5BD-FC47-412C-BB56-FE0E524BD070}.Release|Any CPU.Build.0 = Release|Any CPU
		{656E2748-536C-4AC0-9D1B-E9250E694500}.Debug|Any CPU.ActiveCfg = Debug|Any CPU
		{656E2748-536C-4AC0-9D1B-E9250E694500}.Debug|Any CPU.Build.0 = Debug|Any CPU
		{656E2748-536C-4AC0-9D1B-E9250E694500}.Release|Any CPU.ActiveCfg = Release|Any CPU
		{656E2748-536C-4AC0-9D1B-E9250E694500}.Release|Any CPU.Build.0 = Release|Any CPU
		{C8AAB503-A0F8-465C-8AF3-846A4D760332}.Debug|Any CPU.ActiveCfg = Debug|Any CPU
		{C8AAB503-A0F8-465C-8AF3-846A4D760332}.Debug|Any CPU.Build.0 = Debug|Any CPU
		{C8AAB503-A0F8-465C-8AF3-846A4D760332}.Release|Any CPU.ActiveCfg = Release|Any CPU
		{C8AAB503-A0F8-465C-8AF3-846A4D760332}.Release|Any CPU.Build.0 = Release|Any CPU
		{60BD8DC3-9AF1-4648-B67F-EAD786C19CEA}.Debug|Any CPU.ActiveCfg = Debug|Any CPU
		{60BD8DC3-9AF1-4648-B67F-EAD786C19CEA}.Debug|Any CPU.Build.0 = Debug|Any CPU
		{60BD8DC3-9AF1-4648-B67F-EAD786C19CEA}.Release|Any CPU.ActiveCfg = Release|Any CPU
		{60BD8DC3-9AF1-4648-B67F-EAD786C19CEA}.Release|Any CPU.Build.0 = Release|Any CPU
		{B40BE59E-D562-417A-8246-AA70E92148FA}.Debug|Any CPU.ActiveCfg = Debug|Any CPU
		{B40BE59E-D562-417A-8246-AA70E92148FA}.Debug|Any CPU.Build.0 = Debug|Any CPU
		{B40BE59E-D562-417A-8246-AA70E92148FA}.Release|Any CPU.ActiveCfg = Release|Any CPU
		{B40BE59E-D562-417A-8246-AA70E92148FA}.Release|Any CPU.Build.0 = Release|Any CPU
		{4A327429-F299-44D7-BADF-167FEE9E03A2}.Debug|Any CPU.ActiveCfg = Debug|Any CPU
		{4A327429-F299-44D7-BADF-167FEE9E03A2}.Debug|Any CPU.Build.0 = Debug|Any CPU
		{4A327429-F299-44D7-BADF-167FEE9E03A2}.Release|Any CPU.ActiveCfg = Release|Any CPU
		{4A327429-F299-44D7-BADF-167FEE9E03A2}.Release|Any CPU.Build.0 = Release|Any CPU
		{AF22A655-6507-4E41-B39C-5F9D0223B405}.Debug|Any CPU.ActiveCfg = Debug|Any CPU
		{AF22A655-6507-4E41-B39C-5F9D0223B405}.Debug|Any CPU.Build.0 = Debug|Any CPU
		{AF22A655-6507-4E41-B39C-5F9D0223B405}.Release|Any CPU.ActiveCfg = Release|Any CPU
		{AF22A655-6507-4E41-B39C-5F9D0223B405}.Release|Any CPU.Build.0 = Release|Any CPU
		{F57C2F86-20B4-4879-B66C-60FE2C8EEFDF}.Debug|Any CPU.ActiveCfg = Debug|Any CPU
		{F57C2F86-20B4-4879-B66C-60FE2C8EEFDF}.Debug|Any CPU.Build.0 = Debug|Any CPU
		{F57C2F86-20B4-4879-B66C-60FE2C8EEFDF}.Release|Any CPU.ActiveCfg = Release|Any CPU
		{F57C2F86-20B4-4879-B66C-60FE2C8EEFDF}.Release|Any CPU.Build.0 = Release|Any CPU
		{04005817-E83F-415A-BD58-682B44355B80}.Debug|Any CPU.ActiveCfg = Debug|Any CPU
		{04005817-E83F-415A-BD58-682B44355B80}.Debug|Any CPU.Build.0 = Debug|Any CPU
		{04005817-E83F-415A-BD58-682B44355B80}.Release|Any CPU.ActiveCfg = Release|Any CPU
		{04005817-E83F-415A-BD58-682B44355B80}.Release|Any CPU.Build.0 = Release|Any CPU
		{1395BBD0-26B3-47AA-89F7-643A1B922351}.Debug|Any CPU.ActiveCfg = Debug|Any CPU
		{1395BBD0-26B3-47AA-89F7-643A1B922351}.Debug|Any CPU.Build.0 = Debug|Any CPU
		{1395BBD0-26B3-47AA-89F7-643A1B922351}.Release|Any CPU.ActiveCfg = Release|Any CPU
		{1395BBD0-26B3-47AA-89F7-643A1B922351}.Release|Any CPU.Build.0 = Release|Any CPU
	EndGlobalSection
	GlobalSection(SolutionProperties) = preSolution
		HideSolutionNode = FALSE
	EndGlobalSection
	GlobalSection(NestedProjects) = preSolution
		{B2FA9528-CDF5-4EBD-8DF6-19D90FB5577F} = {2073D25D-F1E9-40A0-8DD4-28C8A6F34465}
		{364499DA-FE03-4947-BFC1-680ADCA03BBF} = {2073D25D-F1E9-40A0-8DD4-28C8A6F34465}
		{6DA0BA2C-761D-4A97-A407-33F863CC14FB} = {2073D25D-F1E9-40A0-8DD4-28C8A6F34465}
		{EB3DF922-A477-48C1-A801-BB74422D1DDB} = {2073D25D-F1E9-40A0-8DD4-28C8A6F34465}
		{8789086F-9A4C-4534-94C3-B45BAB009440} = {E3ADB91A-E15B-4D60-809E-3B49F09ED5C1}
		{EACCB639-A6A4-482F-B945-216976C1FC08} = {E3ADB91A-E15B-4D60-809E-3B49F09ED5C1}
		{881228B3-BEE0-4233-8A7B-C8ACC5F17D5A} = {E3ADB91A-E15B-4D60-809E-3B49F09ED5C1}
		{D20C15B2-113D-43C6-BD86-CEDC98F3876B} = {E3ADB91A-E15B-4D60-809E-3B49F09ED5C1}
		{9612A3BD-4DA5-4A45-8797-A4AA4492C444} = {E3ADB91A-E15B-4D60-809E-3B49F09ED5C1}
		{E8388D72-4084-4F65-94E3-D430CA217197} = {2DA13F5A-AAD2-46C3-93DB-F2BB8EBD251B}
		{C5F96110-BFA3-490E-8363-F92F98BF22BB} = {E3ADB91A-E15B-4D60-809E-3B49F09ED5C1}
		{F20FDB83-DF0F-42EA-96AD-D8D84AFD886F} = {E3ADB91A-E15B-4D60-809E-3B49F09ED5C1}
		{9BFF6069-1F7A-489B-B2C1-27DDD2751BAD} = {2DA13F5A-AAD2-46C3-93DB-F2BB8EBD251B}
		{CAC101E1-4CAF-4147-8872-DEEFBAB87248} = {2DA13F5A-AAD2-46C3-93DB-F2BB8EBD251B}
		{27B9E609-74E9-49DB-B3B9-4E1DBAB4A99D} = {2DA13F5A-AAD2-46C3-93DB-F2BB8EBD251B}
		{C9EF1670-8F70-4A15-B903-E3872F44CCFC} = {2073D25D-F1E9-40A0-8DD4-28C8A6F34465}
		{D0FC2EB4-65B6-4BDA-8968-08D66DEAB511} = {57F7EB5C-18A3-4D88-A8ED-8293980696B1}
		{9860B76E-2D5B-44E1-9D7C-8ABD0BD23A22} = {57F7EB5C-18A3-4D88-A8ED-8293980696B1}
		{DE1DF666-6EDD-47BF-810F-9B556F9CCFDB} = {57F7EB5C-18A3-4D88-A8ED-8293980696B1}
		{3BA1F8E0-8FBA-473A-A958-B6BA3F50748B} = {57F7EB5C-18A3-4D88-A8ED-8293980696B1}
		{ECD5C5BD-FC47-412C-BB56-FE0E524BD070} = {FB73D80E-B0EF-4944-B202-FBA7E8262F3A}
		{656E2748-536C-4AC0-9D1B-E9250E694500} = {FB73D80E-B0EF-4944-B202-FBA7E8262F3A}
		{C8AAB503-A0F8-465C-8AF3-846A4D760332} = {FB73D80E-B0EF-4944-B202-FBA7E8262F3A}
		{60BD8DC3-9AF1-4648-B67F-EAD786C19CEA} = {18C5D85C-6B7F-440F-8462-D53CBF3F3738}
		{B40BE59E-D562-417A-8246-AA70E92148FA} = {18C5D85C-6B7F-440F-8462-D53CBF3F3738}
		{4A327429-F299-44D7-BADF-167FEE9E03A2} = {FB73D80E-B0EF-4944-B202-FBA7E8262F3A}
		{AF22A655-6507-4E41-B39C-5F9D0223B405} = {D3D3C07A-E4B1-441A-BDFE-70AC9E2AD643}
		{F57C2F86-20B4-4879-B66C-60FE2C8EEFDF} = {D3D3C07A-E4B1-441A-BDFE-70AC9E2AD643}
		{04005817-E83F-415A-BD58-682B44355B80} = {D3D3C07A-E4B1-441A-BDFE-70AC9E2AD643}
		{1395BBD0-26B3-47AA-89F7-643A1B922351} = {57F7EB5C-18A3-4D88-A8ED-8293980696B1}
	EndGlobalSection
	GlobalSection(ExtensibilityGlobals) = postSolution
		SolutionGuid = {33E317DD-9806-43D5-9649-4F9F91895E0F}
	EndGlobalSection
EndGlobal
